
Microsoft Visual Studio Solution File, Format Version 12.00
Project("{2150E333-8FDC-42A3-9474-1A3956D46DE8}") = "src", "src", "{827E0CD3-B72D-47B6-A68D-7590B98EB39B}"
EndProject
Project("{FAE04EC0-301F-11D3-BF4B-00C04F79EFBC}") = "AMS.Domain", "src\AMS.Domain\AMS.Domain.csproj", "{AB87B802-2BF4-4601-BFBC-47CDCCBBE6FF}"
EndProject
Project("{FAE04EC0-301F-11D3-BF4B-00C04F79EFBC}") = "AMS.Application", "src\AMS.Application\AMS.Application.csproj", "{B7497DAB-5F4F-40C7-BE06-CCB4F2D75108}"
EndProject
Project("{FAE04EC0-301F-11D3-BF4B-00C04F79EFBC}") = "AMS.Infrastructure", "src\AMS.Infrastructure\AMS.Infrastructure.csproj", "{C03424A4-1EA5-41E6-8E5C-D87FA56A3453}"
EndProject
Project("{FAE04EC0-301F-11D3-BF4B-00C04F79EFBC}") = "AMS.API", "src\AMS.API\AMS.API.csproj", "{45289CFB-8E36-4AB7-BDCD-794BD94E0171}"
EndProject
Project("{2150E333-8FDC-42A3-9474-1A3956D46DE8}") = "tests", "tests", "{0AB3BF05-4346-4AA6-1389-037BE0695223}"
EndProject
Project("{FAE04EC0-301F-11D3-BF4B-00C04F79EFBC}") = "AMS.Tests", "tests\AMS.Tests\AMS.Tests.csproj", "{F1711174-0060-42EC-BD3E-B5E4D800CE74}"
EndProject
Global
	GlobalSection(SolutionConfigurationPlatforms) = preSolution
		Debug|Any CPU = Debug|Any CPU
		Debug|x64 = Debug|x64
		Debug|x86 = Debug|x86
		Release|Any CPU = Release|Any CPU
		Release|x64 = Release|x64
		Release|x86 = Release|x86
	EndGlobalSection
	GlobalSection(ProjectConfigurationPlatforms) = postSolution
		{AB87B802-2BF4-4601-BFBC-47CDCCBBE6FF}.Debug|Any CPU.ActiveCfg = Debug|Any CPU
		{AB87B802-2BF4-4601-BFBC-47CDCCBBE6FF}.Debug|Any CPU.Build.0 = Debug|Any CPU
		{AB87B802-2BF4-4601-BFBC-47CDCCBBE6FF}.Debug|x64.ActiveCfg = Debug|Any CPU
		{AB87B802-2BF4-4601-BFBC-47CDCCBBE6FF}.Debug|x64.Build.0 = Debug|Any CPU
		{AB87B802-2BF4-4601-BFBC-47CDCCBBE6FF}.Debug|x86.ActiveCfg = Debug|Any CPU
		{AB87B802-2BF4-4601-BFBC-47CDCCBBE6FF}.Debug|x86.Build.0 = Debug|Any CPU
		{AB87B802-2BF4-4601-BFBC-47CDCCBBE6FF}.Release|Any CPU.ActiveCfg = Release|Any CPU
		{AB87B802-2BF4-4601-BFBC-47CDCCBBE6FF}.Release|Any CPU.Build.0 = Release|Any CPU
		{AB87B802-2BF4-4601-BFBC-47CDCCBBE6FF}.Release|x64.ActiveCfg = Release|Any CPU
		{AB87B802-2BF4-4601-BFBC-47CDCCBBE6FF}.Release|x64.Build.0 = Release|Any CPU
		{AB87B802-2BF4-4601-BFBC-47CDCCBBE6FF}.Release|x86.ActiveCfg = Release|Any CPU
		{AB87B802-2BF4-4601-BFBC-47CDCCBBE6FF}.Release|x86.Build.0 = Release|Any CPU
		{B7497DAB-5F4F-40C7-BE06-CCB4F2D75108}.Debug|Any CPU.ActiveCfg = Debug|Any CPU
		{B7497DAB-5F4F-40C7-BE06-CCB4F2D75108}.Debug|Any CPU.Build.0 = Debug|Any CPU
		{B7497DAB-5F4F-40C7-BE06-CCB4F2D75108}.Debug|x64.ActiveCfg = Debug|Any CPU
		{B7497DAB-5F4F-40C7-BE06-CCB4F2D75108}.Debug|x64.Build.0 = Debug|Any CPU
		{B7497DAB-5F4F-40C7-BE06-CCB4F2D75108}.Debug|x86.ActiveCfg = Debug|Any CPU
		{B7497DAB-5F4F-40C7-BE06-CCB4F2D75108}.Debug|x86.Build.0 = Debug|Any CPU
		{B7497DAB-5F4F-40C7-BE06-CCB4F2D75108}.Release|Any CPU.ActiveCfg = Release|Any CPU
		{B7497DAB-5F4F-40C7-BE06-CCB4F2D75108}.Release|Any CPU.Build.0 = Release|Any CPU
		{B7497DAB-5F4F-40C7-BE06-CCB4F2D75108}.Release|x64.ActiveCfg = Release|Any CPU
		{B7497DAB-5F4F-40C7-BE06-CCB4F2D75108}.Release|x64.Build.0 = Release|Any CPU
		{B7497DAB-5F4F-40C7-BE06-CCB4F2D75108}.Release|x86.ActiveCfg = Release|Any CPU
		{B7497DAB-5F4F-40C7-BE06-CCB4F2D75108}.Release|x86.Build.0 = Release|Any CPU
		{C03424A4-1EA5-41E6-8E5C-D87FA56A3453}.Debug|Any CPU.ActiveCfg = Debug|Any CPU
		{C03424A4-1EA5-41E6-8E5C-D87FA56A3453}.Debug|Any CPU.Build.0 = Debug|Any CPU
		{C03424A4-1EA5-41E6-8E5C-D87FA56A3453}.Debug|x64.ActiveCfg = Debug|Any CPU
		{C03424A4-1EA5-41E6-8E5C-D87FA56A3453}.Debug|x64.Build.0 = Debug|Any CPU
		{C03424A4-1EA5-41E6-8E5C-D87FA56A3453}.Debug|x86.ActiveCfg = Debug|Any CPU
		{C03424A4-1EA5-41E6-8E5C-D87FA56A3453}.Debug|x86.Build.0 = Debug|Any CPU
		{C03424A4-1EA5-41E6-8E5C-D87FA56A3453}.Release|Any CPU.ActiveCfg = Release|Any CPU
		{C03424A4-1EA5-41E6-8E5C-D87FA56A3453}.Release|Any CPU.Build.0 = Release|Any CPU
		{C03424A4-1EA5-41E6-8E5C-D87FA56A3453}.Release|x64.ActiveCfg = Release|Any CPU
		{C03424A4-1EA5-41E6-8E5C-D87FA56A3453}.Release|x64.Build.0 = Release|Any CPU
		{C03424A4-1EA5-41E6-8E5C-D87FA56A3453}.Release|x86.ActiveCfg = Release|Any CPU
		{C03424A4-1EA5-41E6-8E5C-D87FA56A3453}.Release|x86.Build.0 = Release|Any CPU
		{45289CFB-8E36-4AB7-BDCD-794BD94E0171}.Debug|Any CPU.ActiveCfg = Debug|Any CPU
		{45289CFB-8E36-4AB7-BDCD-794BD94E0171}.Debug|Any CPU.Build.0 = Debug|Any CPU
		{45289CFB-8E36-4AB7-BDCD-794BD94E0171}.Debug|x64.ActiveCfg = Debug|Any CPU
		{45289CFB-8E36-4AB7-BDCD-794BD94E0171}.Debug|x64.Build.0 = Debug|Any CPU
		{45289CFB-8E36-4AB7-BDCD-794BD94E0171}.Debug|x86.ActiveCfg = Debug|Any CPU
		{45289CFB-8E36-4AB7-BDCD-794BD94E0171}.Debug|x86.Build.0 = Debug|Any CPU
		{45289CFB-8E36-4AB7-BDCD-794BD94E0171}.Release|Any CPU.ActiveCfg = Release|Any CPU
		{45289CFB-8E36-4AB7-BDCD-794BD94E0171}.Release|Any CPU.Build.0 = Release|Any CPU
		{45289CFB-8E36-4AB7-BDCD-794BD94E0171}.Release|x64.ActiveCfg = Release|Any CPU
		{45289CFB-8E36-4AB7-BDCD-794BD94E0171}.Release|x64.Build.0 = Release|Any CPU
		{45289CFB-8E36-4AB7-BDCD-794BD94E0171}.Release|x86.ActiveCfg = Release|Any CPU
		{45289CFB-8E36-4AB7-BDCD-794BD94E0171}.Release|x86.Build.0 = Release|Any CPU
		{F1711174-0060-42EC-BD3E-B5E4D800CE74}.Debug|Any CPU.ActiveCfg = Debug|Any CPU
		{F1711174-0060-42EC-BD3E-B5E4D800CE74}.Debug|Any CPU.Build.0 = Debug|Any CPU
		{F1711174-0060-42EC-BD3E-B5E4D800CE74}.Debug|x64.ActiveCfg = Debug|Any CPU
		{F1711174-0060-42EC-BD3E-B5E4D800CE74}.Debug|x64.Build.0 = Debug|Any CPU
		{F1711174-0060-42EC-BD3E-B5E4D800CE74}.Debug|x86.ActiveCfg = Debug|Any CPU
		{F1711174-0060-42EC-BD3E-B5E4D800CE74}.Debug|x86.Build.0 = Debug|Any CPU
		{F1711174-0060-42EC-BD3E-B5E4D800CE74}.Release|Any CPU.ActiveCfg = Release|Any CPU
		{F1711174-0060-42EC-BD3E-B5E4D800CE74}.Release|Any CPU.Build.0 = Release|Any CPU
		{F1711174-0060-42EC-BD3E-B5E4D800CE74}.Release|x64.ActiveCfg = Release|Any CPU
		{F1711174-0060-42EC-BD3E-B5E4D800CE74}.Release|x64.Build.0 = Release|Any CPU
		{F1711174-0060-42EC-BD3E-B5E4D800CE74}.Release|x86.ActiveCfg = Release|Any CPU
		{F1711174-0060-42EC-BD3E-B5E4D800CE74}.Release|x86.Build.0 = Release|Any CPU
	EndGlobalSection
	GlobalSection(SolutionProperties) = preSolution
		HideSolutionNode = FALSE
	EndGlobalSection
	GlobalSection(NestedProjects) = preSolution
		{AB87B802-2BF4-4601-BFBC-47CDCCBBE6FF} = {827E0CD3-B72D-47B6-A68D-7590B98EB39B}
		{B7497DAB-5F4F-40C7-BE06-CCB4F2D75108} = {827E0CD3-B72D-47B6-A68D-7590B98EB39B}
		{C03424A4-1EA5-41E6-8E5C-D87FA56A3453} = {827E0CD3-B72D-47B6-A68D-7590B98EB39B}
		{45289CFB-8E36-4AB7-BDCD-794BD94E0171} = {827E0CD3-B72D-47B6-A68D-7590B98EB39B}
		{F1711174-0060-42EC-BD3E-B5E4D800CE74} = {0AB3BF05-4346-4AA6-1389-037BE0695223}
	EndGlobalSection
EndGlobal
